
Microsoft Visual Studio Solution File, Format Version 12.00
# Visual Studio Version 16
VisualStudioVersion = 16.0.30907.101
MinimumVisualStudioVersion = 10.0.40219.1
Project("{FAE04EC0-301F-11D3-BF4B-00C04F79EFBC}") = "Core", "Core\Core.csproj", "{349DF5C3-144B-4636-A0AE-2B50A0D896B6}"
EndProject
Project("{FAE04EC0-301F-11D3-BF4B-00C04F79EFBC}") = "Tests", "Tests\Tests.csproj", "{9DFA4CED-DE5C-4A70-AA45-F14868A920B6}"
EndProject
Global
	GlobalSection(SolutionConfigurationPlatforms) = preSolution
		Debug|Any CPU = Debug|Any CPU
		Release|Any CPU = Release|Any CPU
	EndGlobalSection
	GlobalSection(ProjectConfigurationPlatforms) = postSolution
		{349DF5C3-144B-4636-A0AE-2B50A0D896B6}.Debug|Any CPU.ActiveCfg = Debug|Any CPU
		{349DF5C3-144B-4636-A0AE-2B50A0D896B6}.Debug|Any CPU.Build.0 = Debug|Any CPU
		{349DF5C3-144B-4636-A0AE-2B50A0D896B6}.Release|Any CPU.ActiveCfg = Release|Any CPU
		{349DF5C3-144B-4636-A0AE-2B50A0D896B6}.Release|Any CPU.Build.0 = Release|Any CPU
		{9DFA4CED-DE5C-4A70-AA45-F14868A920B6}.Debug|Any CPU.ActiveCfg = Debug|Any CPU
		{9DFA4CED-DE5C-4A70-AA45-F14868A920B6}.Debug|Any CPU.Build.0 = Debug|Any CPU
		{9DFA4CED-DE5C-4A70-AA45-F14868A920B6}.Release|Any CPU.ActiveCfg = Release|Any CPU
		{9DFA4CED-DE5C-4A70-AA45-F14868A920B6}.Release|Any CPU.Build.0 = Release|Any CPU
	EndGlobalSection
	GlobalSection(SolutionProperties) = preSolution
		HideSolutionNode = FALSE
	EndGlobalSection
	GlobalSection(ExtensibilityGlobals) = postSolution
		SolutionGuid = {F5F229FD-4776-45BC-8008-E530E9954AE3}
	EndGlobalSection
EndGlobal
